
Microsoft Visual Studio Solution File, Format Version 12.00
# Visual Studio Version 16
VisualStudioVersion = 16.0.30717.126
MinimumVisualStudioVersion = 10.0.40219.1
Project("{FAE04EC0-301F-11D3-BF4B-00C04F79EFBC}") = "DermaHacker.Android", "DermaHacker\DermaHacker.Android\DermaHacker.Android.csproj", "{6F43F4DB-43F2-49BB-95D3-6342B3839FC8}"
EndProject
Project("{FAE04EC0-301F-11D3-BF4B-00C04F79EFBC}") = "DermaHacker.iOS", "DermaHacker\DermaHacker.iOS\DermaHacker.iOS.csproj", "{A1593DFF-701D-46CA-8F0E-80F03E122FB7}"
EndProject
Project("{FAE04EC0-301F-11D3-BF4B-00C04F79EFBC}") = "DermaHacker", "DermaHacker\DermaHacker\DermaHacker.csproj", "{6E7C4462-D2A8-4E1B-A098-98D631FCA819}"
EndProject
Global
	GlobalSection(SolutionConfigurationPlatforms) = preSolution
		Debug|Any CPU = Debug|Any CPU
		Debug|iPhone = Debug|iPhone
		Debug|iPhoneSimulator = Debug|iPhoneSimulator
		Release|Any CPU = Release|Any CPU
		Release|iPhone = Release|iPhone
		Release|iPhoneSimulator = Release|iPhoneSimulator
	EndGlobalSection
	GlobalSection(ProjectConfigurationPlatforms) = postSolution
		{6F43F4DB-43F2-49BB-95D3-6342B3839FC8}.Debug|Any CPU.ActiveCfg = Debug|Any CPU
		{6F43F4DB-43F2-49BB-95D3-6342B3839FC8}.Debug|Any CPU.Build.0 = Debug|Any CPU
		{6F43F4DB-43F2-49BB-95D3-6342B3839FC8}.Debug|Any CPU.Deploy.0 = Debug|Any CPU
		{6F43F4DB-43F2-49BB-95D3-6342B3839FC8}.Debug|iPhone.ActiveCfg = Debug|Any CPU
		{6F43F4DB-43F2-49BB-95D3-6342B3839FC8}.Debug|iPhone.Build.0 = Debug|Any CPU
		{6F43F4DB-43F2-49BB-95D3-6342B3839FC8}.Debug|iPhone.Deploy.0 = Debug|Any CPU
		{6F43F4DB-43F2-49BB-95D3-6342B3839FC8}.Debug|iPhoneSimulator.ActiveCfg = Debug|Any CPU
		{6F43F4DB-43F2-49BB-95D3-6342B3839FC8}.Debug|iPhoneSimulator.Build.0 = Debug|Any CPU
		{6F43F4DB-43F2-49BB-95D3-6342B3839FC8}.Debug|iPhoneSimulator.Deploy.0 = Debug|Any CPU
		{6F43F4DB-43F2-49BB-95D3-6342B3839FC8}.Release|Any CPU.ActiveCfg = Release|Any CPU
		{6F43F4DB-43F2-49BB-95D3-6342B3839FC8}.Release|Any CPU.Build.0 = Release|Any CPU
		{6F43F4DB-43F2-49BB-95D3-6342B3839FC8}.Release|Any CPU.Deploy.0 = Release|Any CPU
		{6F43F4DB-43F2-49BB-95D3-6342B3839FC8}.Release|iPhone.ActiveCfg = Release|Any CPU
		{6F43F4DB-43F2-49BB-95D3-6342B3839FC8}.Release|iPhone.Build.0 = Release|Any CPU
		{6F43F4DB-43F2-49BB-95D3-6342B3839FC8}.Release|iPhone.Deploy.0 = Release|Any CPU
		{6F43F4DB-43F2-49BB-95D3-6342B3839FC8}.Release|iPhoneSimulator.ActiveCfg = Release|Any CPU
		{6F43F4DB-43F2-49BB-95D3-6342B3839FC8}.Release|iPhoneSimulator.Build.0 = Release|Any CPU
		{6F43F4DB-43F2-49BB-95D3-6342B3839FC8}.Release|iPhoneSimulator.Deploy.0 = Release|Any CPU
		{A1593DFF-701D-46CA-8F0E-80F03E122FB7}.Debug|Any CPU.ActiveCfg = Debug|iPhone
		{A1593DFF-701D-46CA-8F0E-80F03E122FB7}.Debug|Any CPU.Build.0 = Debug|iPhone
		{A1593DFF-701D-46CA-8F0E-80F03E122FB7}.Debug|Any CPU.Deploy.0 = Debug|iPhone
		{A1593DFF-701D-46CA-8F0E-80F03E122FB7}.Debug|iPhone.ActiveCfg = Debug|iPhone
		{A1593DFF-701D-46CA-8F0E-80F03E122FB7}.Debug|iPhone.Build.0 = Debug|iPhone
		{A1593DFF-701D-46CA-8F0E-80F03E122FB7}.Debug|iPhone.Deploy.0 = Debug|iPhone
		{A1593DFF-701D-46CA-8F0E-80F03E122FB7}.Debug|iPhoneSimulator.ActiveCfg = Debug|iPhoneSimulator
		{A1593DFF-701D-46CA-8F0E-80F03E122FB7}.Debug|iPhoneSimulator.Build.0 = Debug|iPhoneSimulator
		{A1593DFF-701D-46CA-8F0E-80F03E122FB7}.Debug|iPhoneSimulator.Deploy.0 = Debug|iPhoneSimulator
		{A1593DFF-701D-46CA-8F0E-80F03E122FB7}.Release|Any CPU.ActiveCfg = Release|iPhoneSimulator
		{A1593DFF-701D-46CA-8F0E-80F03E122FB7}.Release|Any CPU.Build.0 = Release|iPhoneSimulator
		{A1593DFF-701D-46CA-8F0E-80F03E122FB7}.Release|Any CPU.Deploy.0 = Release|iPhoneSimulator
		{A1593DFF-701D-46CA-8F0E-80F03E122FB7}.Release|iPhone.ActiveCfg = Release|iPhone
		{A1593DFF-701D-46CA-8F0E-80F03E122FB7}.Release|iPhone.Build.0 = Release|iPhone
		{A1593DFF-701D-46CA-8F0E-80F03E122FB7}.Release|iPhone.Deploy.0 = Release|iPhone
		{A1593DFF-701D-46CA-8F0E-80F03E122FB7}.Release|iPhoneSimulator.ActiveCfg = Release|iPhoneSimulator
		{A1593DFF-701D-46CA-8F0E-80F03E122FB7}.Release|iPhoneSimulator.Build.0 = Release|iPhoneSimulator
		{A1593DFF-701D-46CA-8F0E-80F03E122FB7}.Release|iPhoneSimulator.Deploy.0 = Release|iPhoneSimulator
		{6E7C4462-D2A8-4E1B-A098-98D631FCA819}.Debug|Any CPU.ActiveCfg = Debug|Any CPU
		{6E7C4462-D2A8-4E1B-A098-98D631FCA819}.Debug|Any CPU.Build.0 = Debug|Any CPU
		{6E7C4462-D2A8-4E1B-A098-98D631FCA819}.Debug|Any CPU.Deploy.0 = Debug|Any CPU
		{6E7C4462-D2A8-4E1B-A098-98D631FCA819}.Debug|iPhone.ActiveCfg = Debug|Any CPU
		{6E7C4462-D2A8-4E1B-A098-98D631FCA819}.Debug|iPhone.Build.0 = Debug|Any CPU
		{6E7C4462-D2A8-4E1B-A098-98D631FCA819}.Debug|iPhone.Deploy.0 = Debug|Any CPU
		{6E7C4462-D2A8-4E1B-A098-98D631FCA819}.Debug|iPhoneSimulator.ActiveCfg = Debug|Any CPU
		{6E7C4462-D2A8-4E1B-A098-98D631FCA819}.Debug|iPhoneSimulator.Build.0 = Debug|Any CPU
		{6E7C4462-D2A8-4E1B-A098-98D631FCA819}.Debug|iPhoneSimulator.Deploy.0 = Debug|Any CPU
		{6E7C4462-D2A8-4E1B-A098-98D631FCA819}.Release|Any CPU.ActiveCfg = Release|Any CPU
		{6E7C4462-D2A8-4E1B-A098-98D631FCA819}.Release|Any CPU.Build.0 = Release|Any CPU
		{6E7C4462-D2A8-4E1B-A098-98D631FCA819}.Release|Any CPU.Deploy.0 = Release|Any CPU
		{6E7C4462-D2A8-4E1B-A098-98D631FCA819}.Release|iPhone.ActiveCfg = Release|Any CPU
		{6E7C4462-D2A8-4E1B-A098-98D631FCA819}.Release|iPhone.Build.0 = Release|Any CPU
		{6E7C4462-D2A8-4E1B-A098-98D631FCA819}.Release|iPhone.Deploy.0 = Release|Any CPU
		{6E7C4462-D2A8-4E1B-A098-98D631FCA819}.Release|iPhoneSimulator.ActiveCfg = Release|Any CPU
		{6E7C4462-D2A8-4E1B-A098-98D631FCA819}.Release|iPhoneSimulator.Build.0 = Release|Any CPU
		{6E7C4462-D2A8-4E1B-A098-98D631FCA819}.Release|iPhoneSimulator.Deploy.0 = Release|Any CPU
	EndGlobalSection
	GlobalSection(SolutionProperties) = preSolution
		HideSolutionNode = FALSE
	EndGlobalSection
	GlobalSection(ExtensibilityGlobals) = postSolution
		SolutionGuid = {B3CFFF4D-D4F9-4F76-9A4E-BEADA57295C9}
	EndGlobalSection
EndGlobal
